
Microsoft Visual Studio Solution File, Format Version 12.00
# Visual Studio Version 17
VisualStudioVersion = 17.5.33530.505
MinimumVisualStudioVersion = 10.0.40219.1
Project("{888888A0-9F3D-457C-B088-3A5042F75D52}") = "Study", "Study\Study.pyproj", "{CC0046B0-06AB-4ABB-AD0D-EEB011225247}"
EndProject
Global
	GlobalSection(SolutionConfigurationPlatforms) = preSolution
		Debug|Any CPU = Debug|Any CPU
		Release|Any CPU = Release|Any CPU
	EndGlobalSection
	GlobalSection(ProjectConfigurationPlatforms) = postSolution
		{CC0046B0-06AB-4ABB-AD0D-EEB011225247}.Debug|Any CPU.ActiveCfg = Debug|Any CPU
		{CC0046B0-06AB-4ABB-AD0D-EEB011225247}.Release|Any CPU.ActiveCfg = Release|Any CPU
	EndGlobalSection
	GlobalSection(SolutionProperties) = preSolution
		HideSolutionNode = FALSE
	EndGlobalSection
	GlobalSection(ExtensibilityGlobals) = postSolution
		SolutionGuid = {614F9357-3590-4724-9E8A-98D51BE7380C}
	EndGlobalSection
EndGlobal
